{
    "_meta": {
        "hash": {
            "sha256": "72b799c325115cc5f4724333499df119f58cf9cec6899ba0248b473481d95037"
        },
        "pipfile-spec": 6,
        "requires": {
            "python_version": "3.6"
        },
        "sources": [
            {
                "name": "pypi",
                "url": "https://pypi.org/simple",
                "verify_ssl": true
            }
        ]
    },
    "default": {
        "cycler": {
            "hashes": [
                "sha256:1d8a5ae1ff6c5cf9b93e8811e581232ad8920aeec647c37316ceac982b08cb2d",
                "sha256:cd7b2d1018258d7247a71425e9f26463dfb444d411c39569972f4ce586b0c9d8"
            ],
            "version": "==0.10.0"
        },
        "matplotlib": {
            "hashes": [
                "sha256:063a07660bee266c947e5ac0044053074c3ff3e5398614538d21c29b622ed0bd",
                "sha256:09214eb11171a8426c9c89a236f05f26a76b204e5346dd4382ddcfb74820d467",
                "sha256:11c7ed4716833c5b70f72f6c795a948d413e2af659442aa145d1e91868393084",
                "sha256:14b0ab89e58621105c7b2cfd5ddc6cf13a87ac7cbcc73c287e4003d1f5e40fae",
                "sha256:226f9c3799c16fdfc9be4b64bee2f1956626eddb58b24359247b0fb72afd76a0",
                "sha256:353b56cd2fed8977767356cb686e3bf74789a4abd81e4bdfc4d57b40679fe057",
                "sha256:4a2d2d97266e4e199266b7e409e5e8be4d3b26b4bad2702b70a8ae18f52d97b4",
                "sha256:4b5f16c9cefde553ea79975305dcaa67c8e13d927b6e55aa14b4a8d867e25387",
                "sha256:50aef54b4f947001667c775b1973928cdb3e33024cb93f81b5b024b34b1488a7",
                "sha256:5c50343bc8e70f2b811188790fa899430062ce37696a166374239c838015a995",
                "sha256:a5ba34f1b4d1e81be4df0fd033abd8062dbce2eca5b3a25339edb31e4390568a",
                "sha256:b2e3b1eaf3a2753a1a63826bf4ab7487b383fbef5ef4941b25f4193baaa95d95",
                "sha256:c665d3daf24f95acbd1541681ab1185e283afc046fe4175bfceab2cf26a8620b",
                "sha256:c8579a840a1bd93e00a273aac0be3edd94b805fe4cd2156f01611622032188d1",
                "sha256:d0d7036045e6a08663e428e4ea4af69164cdd79c486d31be835bb2ca7f5f1962",
                "sha256:ea24f02268149aebe4f239635da8183f4e43f9116eebf8fcd365e2d04bc821fe",
                "sha256:f490f684a241cd88003afebc356f5c69bdced22e549fbd50b914f7fe07ce4fa3",
                "sha256:fa6155cf41857135bff125419256ccab6ce81e0cd63fac60a7c673efa8a989dd"
            ],
            "index": "pypi",
            "version": "==2.1.0"
        },
        "numpy": {
            "hashes": [
                "sha256:0074d42e2cc333800bd09996223d40ec52e3b1ec0a5cab05dacc09b662c4c1ae",
                "sha256:034717bfef517858abc79324820a702dc6cd063effb9baab86533e8a78670689",
                "sha256:0db6301324d0568089663ef2701ad90ebac0e975742c97460e89366692bd0563",
                "sha256:1864d005b2eb7598063e35c320787d87730d864f40d6410f768fe4ea20672016",
                "sha256:46ce8323ca9384814c7645298b8b627b7d04ce97d6948ef02da357b2389d6972",
                "sha256:510863d606c932b41d2209e4de6157ab3fdf52001d3e4ad351103176d33c4b8b",
                "sha256:560e23a12e7599be8e8b67621396c5bc687fd54b48b890adbc71bc5a67333f86",
                "sha256:57dc6c22d59054542600fce6fae2d1189b9c50bafc1aab32e55f7efcc84a6c46",
                "sha256:760550fdf9d8ec7da9c4402a4afe6e25c0f184ae132011676298a6b636660b45",
                "sha256:8670067685051b49d1f2f66e396488064299fefca199c7c80b6ba0c639fedc98",
                "sha256:9016692c7d390f9d378fc88b7a799dc9caa7eb938163dda5276d3f3d6f75debf",
                "sha256:98ff275f1b5907490d26b30b6ff111ecf2de0254f0ab08833d8fe61aa2068a00",
                "sha256:9ccf4d5c9139b1e985db915039baa0610a7e4a45090580065f8d8cb801b7422f",
                "sha256:a8dbab311d4259de5eeaa5b4e83f5f8545e4808f9144e84c0f424a6ee55a7b98",
                "sha256:aaef1bea636b6e552bbc5dae0ada87d4f6046359daaa97a05a013b0169620f27",
                "sha256:b8987e30d9a0eb6635df9705a75cf8c4a2835590244baecf210163343bc65176",
                "sha256:c3fe23df6fe0898e788581753da453f877350058c5982e85a8972feeecb15309",
                "sha256:c5eb7254cfc4bd7a4330ad7e1f65b98343836865338c57b0e25c661e41d5cfd9",
                "sha256:c80fcf9b38c7f4df666150069b04abbd2fe42ae640703a6e1f128cda83b552b7",
                "sha256:e33baf50f2f6b7153ddb973601a11df852697fba4c08b34a5e0f39f66f8120e1",
                "sha256:e8578a62a8eaf552b95d62f630bb5dd071243ba1302bbff3e55ac48588508736",
                "sha256:f22b3206f1c561dd9110b93d144c6aaa4a9a354e3b07ad36030df3ea92c5bb5b",
                "sha256:f39afab5769b3aaa786634b94b4a23ef3c150bdda044e8a32a3fc16ddafe803b"
            ],
            "index": "pypi",
            "version": "==1.14.3"
        },
        "pyparsing": {
            "hashes": [
                "sha256:0832bcf47acd283788593e7a0f542407bd9550a55a8a8435214a1960e04bcb04",
                "sha256:fee43f17a9c4087e7ed1605bd6df994c6173c1e977d7ade7b651292fab2bd010"
            ],
            "version": "==2.2.0"
        },
        "python-dateutil": {
            "hashes": [
                "sha256:1adb80e7a782c12e52ef9a8182bebeb73f1d7e24e374397af06fb4956c8dc5c0",
                "sha256:e27001de32f627c22380a688bcc43ce83504a7bc5da472209b4c70f02829f0b8"
            ],
            "version": "==2.7.3"
        },
        "pytz": {
            "hashes": [
                "sha256:a061aa0a9e06881eb8b3b2b43f05b9439d6583c206d0a6c340ff72a7b6669053",
                "sha256:ffb9ef1de172603304d9d2819af6f5ece76f2e85ec10692a524dd876e72bf277"
            ],
            "version": "==2018.5"
        },
        "scipy": {
            "hashes": [
                "sha256:01c7040a83eb4e020ab729488637dcadef54cb728b035b76668ab92a72515d60",
                "sha256:046705c604c6f1d63cad3e89677c0618b7abb40ed09a4c241c671a2d8e5128a9",
                "sha256:08041e5336fcd57defcc78650b44b3df652eff3e3a801638d894e50494fb630d",
                "sha256:1f58fbd59e8d9652759df0d137832ff2a325ed708c173cba20c86589d811c210",
                "sha256:23a7238279ae94e088396b8b05a9795ef598dc79c5cd1adb91ad1ff87c7514fd",
                "sha256:3b66d5e40152175bca75cbbfd1eb5c108c50de9ae5625923f1c4f8f51cbe2dea",
                "sha256:424500b2fe573d30de6dea927076c01acaadb3efb3d1f40340e8cc37151ccf27",
                "sha256:5774adb6047983489bc81edaa72cd132e665e5680f0b2cf8ea28cd3b99e65d39",
                "sha256:5964dba6a3c0be226d44d2520de8fb4ba1501768bad57eec687d36d3f53b6254",
                "sha256:70e6fc3f2f52c9152f05e27eb9bd8543cb862cacb71f8521a571e4ffb837f450",
                "sha256:87ea1f11a0e9ec08c264dc64551d501fa307289460705f6fccd84cbfc7926d10",
                "sha256:889602ead28054a15e8c26e1a6b8420d5a4fa777cfeb3ec98cfa52b9f317d153",
                "sha256:912499ddb521b7ac6287ac4ccf5f296a83d38996c2d04f43c9e62a91f7b420aa",
                "sha256:97123a25216616723083942eb595f47fee18da6b637a88b803de5f078009003c",
                "sha256:9bd193686fd837472bdb6425486cb234ed0a4db76b930c141cc8d095ab213c8d",
                "sha256:a79b99b8b5af9a63312bd053bbb7bdb7710e6bbb9cc81617f9f6b9b1e49c72f8",
                "sha256:a9e479648aab5f36330da94f351ebbfe79acb4e6f5e6ac6aeddc9291eb096839",
                "sha256:bf36f3485e7b7291c36330a93bbfd4f5e8db23bbe4ea46c37b2839fef463f4e2",
                "sha256:cd23894e1cc6eaa00e6807b6b12e4ca66d5ff092986c9c3eb01e97f24e2d6462",
                "sha256:d84df0bc86bbdd49f0a6b6bad5cd62ccb02a3bfe546bf79263de44ae081bcd7b",
                "sha256:e3a5673c105eab802fdecb77f102d877352e201df9328698a265b7f57546b34b",
                "sha256:fa17be6c66985931d3a391f61a6ba97c902585cf26020aa3eb24604115732d22",
                "sha256:ff8b6637d8d2c074ed67f3d57513e62f94747c6f1210f43e60ad3d8e93a424e4"
            ],
            "index": "pypi",
            "version": "==1.0.0"
        },
        "six": {
            "hashes": [
                "sha256:70e8a77beed4562e7f14fe23a786b54f6296e34344c23bc42f07b15018ff98e9",
                "sha256:832dc0e10feb1aa2c68dcc57dbb658f1c7e65b9b61af69048abc87a2db00a0eb"
            ],
            "version": "==1.11.0"
        }
    },
    "develop": {}
}
